hash: 168b17ce303471a77611fcbfd6aee75fb5f24e30ac262db99be44651aa3bf4ec
updated: 2018-09-17T15:50:58.4854123+08:00
imports:
- name: github.com/axgle/mahonia
  version: 3358181d7394e26beccfae0ffde05193ef3be33a
- name: github.com/bitly/go-simplejson
  version: aabad6e819789e569bd6aabf444c935aa9ba1e44
testImports: []
